
Microsoft Visual Studio Solution File, Format Version 10.00
# Visual Studio 2008
Project("{8BC9CEB8-8B4A-11D0-8D11-00A0C91BC942}") = "test_11_21", "test_11_21\test_11_21.vcproj", "{74022DBF-3AFA-448D-8A34-9058F030551F}"
EndProject
Global
	GlobalSection(SolutionConfigurationPlatforms) = preSolution
		Debug|Win32 = Debug|Win32
		Release|Win32 = Release|Win32
	EndGlobalSection
	GlobalSection(ProjectConfigurationPlatforms) = postSolution
		{74022DBF-3AFA-448D-8A34-9058F030551F}.Debug|Win32.ActiveCfg = Debug|Win32
		{74022DBF-3AFA-448D-8A34-9058F030551F}.Debug|Win32.Build.0 = Debug|Win32
		{74022DBF-3AFA-448D-8A34-9058F030551F}.Release|Win32.ActiveCfg = Release|Win32
		{74022DBF-3AFA-448D-8A34-9058F030551F}.Release|Win32.Build.0 = Release|Win32
	EndGlobalSection
	GlobalSection(SolutionProperties) = preSolution
		HideSolutionNode = FALSE
	EndGlobalSection
EndGlobal
