
Microsoft Visual Studio Solution File, Format Version 10.00
# Visual Studio 2008
Project("{8BC9CEB8-8B4A-11D0-8D11-00A0C91BC942}") = "test_11_31", "test_11_31\test_11_31.vcproj", "{3FD77850-0DBE-4D4E-8C86-270FFD1AF28D}"
EndProject
Global
	GlobalSection(SolutionConfigurationPlatforms) = preSolution
		Debug|Win32 = Debug|Win32
		Release|Win32 = Release|Win32
	EndGlobalSection
	GlobalSection(ProjectConfigurationPlatforms) = postSolution
		{3FD77850-0DBE-4D4E-8C86-270FFD1AF28D}.Debug|Win32.ActiveCfg = Debug|Win32
		{3FD77850-0DBE-4D4E-8C86-270FFD1AF28D}.Debug|Win32.Build.0 = Debug|Win32
		{3FD77850-0DBE-4D4E-8C86-270FFD1AF28D}.Release|Win32.ActiveCfg = Release|Win32
		{3FD77850-0DBE-4D4E-8C86-270FFD1AF28D}.Release|Win32.Build.0 = Release|Win32
	EndGlobalSection
	GlobalSection(SolutionProperties) = preSolution
		HideSolutionNode = FALSE
	EndGlobalSection
EndGlobal
