
Microsoft Visual Studio Solution File, Format Version 10.00
# Visual Studio 2008
Project("{8BC9CEB8-8B4A-11D0-8D11-00A0C91BC942}") = "test_11_30_2", "test_11_30_2\test_11_30_2.vcproj", "{C511ADC7-2CFD-4C49-BAFD-360348AE6C25}"
EndProject
Global
	GlobalSection(SolutionConfigurationPlatforms) = preSolution
		Debug|Win32 = Debug|Win32
		Release|Win32 = Release|Win32
	EndGlobalSection
	GlobalSection(ProjectConfigurationPlatforms) = postSolution
		{C511ADC7-2CFD-4C49-BAFD-360348AE6C25}.Debug|Win32.ActiveCfg = Debug|Win32
		{C511ADC7-2CFD-4C49-BAFD-360348AE6C25}.Debug|Win32.Build.0 = Debug|Win32
		{C511ADC7-2CFD-4C49-BAFD-360348AE6C25}.Release|Win32.ActiveCfg = Release|Win32
		{C511ADC7-2CFD-4C49-BAFD-360348AE6C25}.Release|Win32.Build.0 = Release|Win32
	EndGlobalSection
	GlobalSection(SolutionProperties) = preSolution
		HideSolutionNode = FALSE
	EndGlobalSection
EndGlobal
