
Microsoft Visual Studio Solution File, Format Version 12.00
# Visual Studio 2013
VisualStudioVersion = 12.0.21005.1
MinimumVisualStudioVersion = 10.0.40219.1
Project("{8BC9CEB8-8B4A-11D0-8D11-00A0C91BC942}") = "计算", "计算\计算.vcxproj", "{94A71A7D-144B-48CF-A22A-C417CD5C6181}"
EndProject
Global
	GlobalSection(SolutionConfigurationPlatforms) = preSolution
		Debug|Win32 = Debug|Win32
		Release|Win32 = Release|Win32
	EndGlobalSection
	GlobalSection(ProjectConfigurationPlatforms) = postSolution
		{94A71A7D-144B-48CF-A22A-C417CD5C6181}.Debug|Win32.ActiveCfg = Debug|Win32
		{94A71A7D-144B-48CF-A22A-C417CD5C6181}.Debug|Win32.Build.0 = Debug|Win32
		{94A71A7D-144B-48CF-A22A-C417CD5C6181}.Release|Win32.ActiveCfg = Release|Win32
		{94A71A7D-144B-48CF-A22A-C417CD5C6181}.Release|Win32.Build.0 = Release|Win32
	EndGlobalSection
	GlobalSection(SolutionProperties) = preSolution
		HideSolutionNode = FALSE
	EndGlobalSection
EndGlobal
